
Microsoft Visual Studio Solution File, Format Version 12.00
# Visual Studio Version 16
VisualStudioVersion = 16.0.30413.136
MinimumVisualStudioVersion = 10.0.40219.1
Project("{FAE04EC0-301F-11D3-BF4B-00C04F79EFBC}") = "NLuaPractice", "NLuaPractice\NLuaPractice.csproj", "{F5420CB9-4ED1-4CAB-9FD9-C0E0AB520890}"
EndProject
Project("{FAE04EC0-301F-11D3-BF4B-00C04F79EFBC}") = "LuaPracticeTest", "Test\LuaPracticeTest\LuaPracticeTest.csproj", "{4E0307FF-2160-4FFD-A890-7E6B3BA52EAA}"
EndProject
Global
	GlobalSection(SolutionConfigurationPlatforms) = preSolution
		Debug|Any CPU = Debug|Any CPU
		Debug|x86 = Debug|x86
		Release|Any CPU = Release|Any CPU
		Release|x86 = Release|x86
	EndGlobalSection
	GlobalSection(ProjectConfigurationPlatforms) = postSolution
		{F5420CB9-4ED1-4CAB-9FD9-C0E0AB520890}.Debug|Any CPU.ActiveCfg = Debug|Any CPU
		{F5420CB9-4ED1-4CAB-9FD9-C0E0AB520890}.Debug|Any CPU.Build.0 = Debug|Any CPU
		{F5420CB9-4ED1-4CAB-9FD9-C0E0AB520890}.Debug|x86.ActiveCfg = Debug|x86
		{F5420CB9-4ED1-4CAB-9FD9-C0E0AB520890}.Debug|x86.Build.0 = Debug|x86
		{F5420CB9-4ED1-4CAB-9FD9-C0E0AB520890}.Release|Any CPU.ActiveCfg = Release|Any CPU
		{F5420CB9-4ED1-4CAB-9FD9-C0E0AB520890}.Release|Any CPU.Build.0 = Release|Any CPU
		{F5420CB9-4ED1-4CAB-9FD9-C0E0AB520890}.Release|x86.ActiveCfg = Release|x86
		{F5420CB9-4ED1-4CAB-9FD9-C0E0AB520890}.Release|x86.Build.0 = Release|x86
		{4E0307FF-2160-4FFD-A890-7E6B3BA52EAA}.Debug|Any CPU.ActiveCfg = Debug|Any CPU
		{4E0307FF-2160-4FFD-A890-7E6B3BA52EAA}.Debug|Any CPU.Build.0 = Debug|Any CPU
		{4E0307FF-2160-4FFD-A890-7E6B3BA52EAA}.Debug|x86.ActiveCfg = Debug|x86
		{4E0307FF-2160-4FFD-A890-7E6B3BA52EAA}.Debug|x86.Build.0 = Debug|x86
		{4E0307FF-2160-4FFD-A890-7E6B3BA52EAA}.Release|Any CPU.ActiveCfg = Release|Any CPU
		{4E0307FF-2160-4FFD-A890-7E6B3BA52EAA}.Release|Any CPU.Build.0 = Release|Any CPU
		{4E0307FF-2160-4FFD-A890-7E6B3BA52EAA}.Release|x86.ActiveCfg = Release|x86
		{4E0307FF-2160-4FFD-A890-7E6B3BA52EAA}.Release|x86.Build.0 = Release|x86
	EndGlobalSection
	GlobalSection(SolutionProperties) = preSolution
		HideSolutionNode = FALSE
	EndGlobalSection
	GlobalSection(ExtensibilityGlobals) = postSolution
		SolutionGuid = {4BA4A05D-6D14-45ED-9A78-37C4FA4DD847}
	EndGlobalSection
EndGlobal
